
Microsoft Visual Studio Solution File, Format Version 12.00
# Visual Studio Version 17
VisualStudioVersion = 17.4.33122.133
MinimumVisualStudioVersion = 10.0.40219.1
Project("{9A19103F-16F7-4668-BE54-9A1E7A4F7556}") = "Understanding Classes", "Understanding Classes\Understanding Classes.csproj", "{F4280DFD-E485-4DC9-97E0-50703DE6D64C}"
EndProject
Project("{9A19103F-16F7-4668-BE54-9A1E7A4F7556}") = "More About Classes and Methods", "More About Classes and Methods\More About Classes and Methods.csproj", "{9C90054B-8169-4ABE-9310-B00DFEB05845}"
EndProject
Project("{FAE04EC0-301F-11D3-BF4B-00C04F79EFBC}") = "Understandin Scope and Accessibility Modifiers", "Understandin Scope and Accessibility Modifiers\Understandin Scope and Accessibility Modifiers.csproj", "{075D07EB-34F5-4AA7-A473-769F30C6506C}"
EndProject
Global
	GlobalSection(SolutionConfigurationPlatforms) = preSolution
		Debug|Any CPU = Debug|Any CPU
		Release|Any CPU = Release|Any CPU
	EndGlobalSection
	GlobalSection(ProjectConfigurationPlatforms) = postSolution
		{F4280DFD-E485-4DC9-97E0-50703DE6D64C}.Debug|Any CPU.ActiveCfg = Debug|Any CPU
		{F4280DFD-E485-4DC9-97E0-50703DE6D64C}.Debug|Any CPU.Build.0 = Debug|Any CPU
		{F4280DFD-E485-4DC9-97E0-50703DE6D64C}.Release|Any CPU.ActiveCfg = Release|Any CPU
		{F4280DFD-E485-4DC9-97E0-50703DE6D64C}.Release|Any CPU.Build.0 = Release|Any CPU
		{9C90054B-8169-4ABE-9310-B00DFEB05845}.Debug|Any CPU.ActiveCfg = Debug|Any CPU
		{9C90054B-8169-4ABE-9310-B00DFEB05845}.Debug|Any CPU.Build.0 = Debug|Any CPU
		{9C90054B-8169-4ABE-9310-B00DFEB05845}.Release|Any CPU.ActiveCfg = Release|Any CPU
		{9C90054B-8169-4ABE-9310-B00DFEB05845}.Release|Any CPU.Build.0 = Release|Any CPU
		{075D07EB-34F5-4AA7-A473-769F30C6506C}.Debug|Any CPU.ActiveCfg = Debug|Any CPU
		{075D07EB-34F5-4AA7-A473-769F30C6506C}.Debug|Any CPU.Build.0 = Debug|Any CPU
		{075D07EB-34F5-4AA7-A473-769F30C6506C}.Release|Any CPU.ActiveCfg = Release|Any CPU
		{075D07EB-34F5-4AA7-A473-769F30C6506C}.Release|Any CPU.Build.0 = Release|Any CPU
	EndGlobalSection
	GlobalSection(SolutionProperties) = preSolution
		HideSolutionNode = FALSE
	EndGlobalSection
	GlobalSection(ExtensibilityGlobals) = postSolution
		SolutionGuid = {FC1790D8-912C-4046-AC5D-322144AC1B50}
	EndGlobalSection
EndGlobal
